
Microsoft Visual Studio Solution File, Format Version 12.00
# Visual Studio 14
VisualStudioVersion = 14.0.25420.1
MinimumVisualStudioVersion = 10.0.40219.1
Project("{8BB2217D-0F2D-49D1-97BC-3654ED321F3B}") = "NNBlog.DAL", "NNBlog.DAL\NNBlog.DAL.xproj", "{5C092FDF-1AAB-4EA8-B202-B688EEEAB0E7}"
EndProject
Project("{8BB2217D-0F2D-49D1-97BC-3654ED321F3B}") = "NNBlog.Model", "NNBlog.Model\NNBlog.Model.xproj", "{6A37E2D2-1AEA-43C5-BD52-56AF91C10CA1}"
EndProject
Project("{8BB2217D-0F2D-49D1-97BC-3654ED321F3B}") = "NNBlog.Utility", "NNBlog.Utility\NNBlog.Utility.xproj", "{4A56E7D4-7D7E-4F12-8707-0AAE96FEA0A3}"
EndProject
Project("{8BB2217D-0F2D-49D1-97BC-3654ED321F3B}") = "NNBlog.Web", "NNBlog.Web\NNBlog.Web.xproj", "{C6453C7E-B7EF-4123-852A-82F60DA805B6}"
EndProject
Global
	GlobalSection(SolutionConfigurationPlatforms) = preSolution
		Debug|Any CPU = Debug|Any CPU
		Release|Any CPU = Release|Any CPU
	EndGlobalSection
	GlobalSection(ProjectConfigurationPlatforms) = postSolution
		{5C092FDF-1AAB-4EA8-B202-B688EEEAB0E7}.Debug|Any CPU.ActiveCfg = Debug|Any CPU
		{5C092FDF-1AAB-4EA8-B202-B688EEEAB0E7}.Debug|Any CPU.Build.0 = Debug|Any CPU
		{5C092FDF-1AAB-4EA8-B202-B688EEEAB0E7}.Release|Any CPU.ActiveCfg = Release|Any CPU
		{5C092FDF-1AAB-4EA8-B202-B688EEEAB0E7}.Release|Any CPU.Build.0 = Release|Any CPU
		{6A37E2D2-1AEA-43C5-BD52-56AF91C10CA1}.Debug|Any CPU.ActiveCfg = Debug|Any CPU
		{6A37E2D2-1AEA-43C5-BD52-56AF91C10CA1}.Debug|Any CPU.Build.0 = Debug|Any CPU
		{6A37E2D2-1AEA-43C5-BD52-56AF91C10CA1}.Release|Any CPU.ActiveCfg = Release|Any CPU
		{6A37E2D2-1AEA-43C5-BD52-56AF91C10CA1}.Release|Any CPU.Build.0 = Release|Any CPU
		{4A56E7D4-7D7E-4F12-8707-0AAE96FEA0A3}.Debug|Any CPU.ActiveCfg = Debug|Any CPU
		{4A56E7D4-7D7E-4F12-8707-0AAE96FEA0A3}.Debug|Any CPU.Build.0 = Debug|Any CPU
		{4A56E7D4-7D7E-4F12-8707-0AAE96FEA0A3}.Release|Any CPU.ActiveCfg = Release|Any CPU
		{4A56E7D4-7D7E-4F12-8707-0AAE96FEA0A3}.Release|Any CPU.Build.0 = Release|Any CPU
		{C6453C7E-B7EF-4123-852A-82F60DA805B6}.Debug|Any CPU.ActiveCfg = Debug|Any CPU
		{C6453C7E-B7EF-4123-852A-82F60DA805B6}.Debug|Any CPU.Build.0 = Debug|Any CPU
		{C6453C7E-B7EF-4123-852A-82F60DA805B6}.Release|Any CPU.ActiveCfg = Release|Any CPU
		{C6453C7E-B7EF-4123-852A-82F60DA805B6}.Release|Any CPU.Build.0 = Release|Any CPU
	EndGlobalSection
	GlobalSection(SolutionProperties) = preSolution
		HideSolutionNode = FALSE
	EndGlobalSection
EndGlobal
